
Microsoft Visual Studio Solution File, Format Version 12.00
# Visual Studio Version 17
VisualStudioVersion = 17.7.34009.444
MinimumVisualStudioVersion = 10.0.40219.1
Project("{FAE04EC0-301F-11D3-BF4B-00C04F79EFBC}") = "TicTacToe", "TicTacToe.csproj", "{60A23494-F6CE-4A32-9B88-459B2F97E47A}"
EndProject
Global
	GlobalSection(SolutionConfigurationPlatforms) = preSolution
		Debug|Any CPU = Debug|Any CPU
		Release|Any CPU = Release|Any CPU
	EndGlobalSection
	GlobalSection(ProjectConfigurationPlatforms) = postSolution
		{60A23494-F6CE-4A32-9B88-459B2F97E47A}.Debug|Any CPU.ActiveCfg = Debug|Any CPU
		{60A23494-F6CE-4A32-9B88-459B2F97E47A}.Debug|Any CPU.Build.0 = Debug|Any CPU
		{60A23494-F6CE-4A32-9B88-459B2F97E47A}.Release|Any CPU.ActiveCfg = Release|Any CPU
		{60A23494-F6CE-4A32-9B88-459B2F97E47A}.Release|Any CPU.Build.0 = Release|Any CPU
	EndGlobalSection
	GlobalSection(SolutionProperties) = preSolution
		HideSolutionNode = FALSE
	EndGlobalSection
	GlobalSection(ExtensibilityGlobals) = postSolution
		SolutionGuid = {8AC89A05-EF9C-47AE-BD26-3D6299799F0B}
	EndGlobalSection
EndGlobal
